<?xml version="1.0" encoding="utf-8"?>
<Project ToolsVersion="4.0" xmlns="http://schemas.microsoft.com/developer/msbuild/2003">
  <ItemGroup>
    <ImageContentTask Include="Assets\sprite\dummy.png" />
    <ImageContentTask Include="Assets\sprite\title.png" />
    <ImageContentTask Include="Assets\sprite\SceneSelect.png" />
    <ImageContentTask Include="Assets\sprite\hp_bar.png" />
    <ImageContentTask Include="Assets\sprite\hp.png" />
    <ImageContentTask Include="Assets\modelData\water_spec.png" />
    <ImageContentTask Include="Assets\modelData\awa_spec.jpg" />
    <ImageContentTask Include="Assets\sprite\HPhart.png" />
    <ImageContentTask Include="Assets\sprite\HPhartBar.png" />
  </ItemGroup>
  <ItemGroup>
    <ClCompile Include="Camera.cpp" />
    <ClCompile Include="Game1.cpp" />
    <ClCompile Include="Game2.cpp" />
    <ClCompile Include="main.cpp" />
    <ClCompile Include="Player.cpp" />
    <ClCompile Include="SceneSelect.cpp" />
    <ClCompile Include="stdafx.cpp" />
    <ClCompile Include="Title.cpp" />
    <ClCompile Include="BubbleCreator.cpp" />
    <ClCompile Include="Bubble.cpp" />
    <ClCompile Include="Bullet.cpp" />
    <ClCompile Include="BubbleChange.cpp" />
    <ClCompile Include="BubbleCluster.cpp" />
    <ClCompile Include="BackGround.cpp" />
  </ItemGroup>
  <ItemGroup>
    <MeshContentTask Include="Assets\modelData\awa.FBX" />
    <MeshContentTask Include="Assets\modelData\doll.FBX" />
    <MeshContentTask Include="Assets\modelData\kawa.FBX" />
    <MeshContentTask Include="Assets\modelData\unityChan.fbx" />
    <MeshContentTask Include="Assets\modelData\isi.FBX" />
    <MeshContentTask Include="Assets\modelData\Player.FBX" />
    <MeshContentTask Include="Assets\modelData\Bullet.FBX" />
  </ItemGroup>
  <ItemGroup>
    <ClInclude Include="Camera.h" />
    <ClInclude Include="Game1.h" />
    <ClInclude Include="Game2.h" />
    <ClInclude Include="Player.h" />
    <CLInclude Include="resource.h" />
    <ClInclude Include="SceneSelect.h" />
    <ClInclude Include="stdafx.h" />
    <ClInclude Include="Title.h" />
    <ClInclude Include="Assets\shader\common.h" />
    <ClInclude Include="Assets\shader\CommonFunc.h" />
    <ClInclude Include="Assets\shader\LightingFunction.h" />
    <ClInclude Include="Assets\shader\modelCB.h" />
    <ClInclude Include="Assets\shader\modelPSFunction.h" />
    <ClInclude Include="Assets\shader\modelSRV.h" />
    <ClInclude Include="Assets\shader\modelStruct.h" />
    <ClInclude Include="Assets\shader\sampleBRDF.h" />
    <ClInclude Include="Assets\shader\skyPS.h" />
    <ClInclude Include="BubbleCreator.h" />
    <ClInclude Include="Bubble.h" />
    <ClInclude Include="BubbleChange.h" />
    <ClInclude Include="Bullet.h" />
    <ClInclude Include="BubbleCluster.h" />
    <ClInclude Include="BackGround.h" />
  </ItemGroup>
  <ItemGroup>
    <ResourceCompile Include="Game.rc" />
  </ItemGroup>
  <ItemGroup>
    <None Include="Assets\level\kawa_le.tkl" />
    <None Include="Assets\level\level_00.tkl" />
  </ItemGroup>
</Project>